# THIS IS AN AUTOGENERATED FILE. DO NOT EDIT THIS FILE DIRECTLY.
# yarn lockfile v1


env-variable@^0.0.6:
  version "0.0.6"
  resolved "https://registry.yarnpkg.com/env-variable/-/env-variable-0.0.6.tgz#74ab20b3786c545b62b4a4813ab8cf22726c9808"
  integrity sha512-bHz59NlBbtS0NhftmR8+ExBEekE7br0e01jw+kk0NDro7TtZzBYZ5ScGPs3OmwnpyfHTHOtr1Y6uedCdrIldtg==
